
Microsoft Visual Studio Solution File, Format Version 12.00
# Visual Studio Version 17
VisualStudioVersion = 17.11.35222.181
MinimumVisualStudioVersion = 10.0.40219.1
Project("{FAE04EC0-301F-11D3-BF4B-00C04F79EFBC}") = "lop7", "lop7\lop7.csproj", "{F751CBBC-AB65-4B3E-8022-607E354D50F0}"
EndProject
Global
	GlobalSection(SolutionConfigurationPlatforms) = preSolution
		Debug|Any CPU = Debug|Any CPU
		Release|Any CPU = Release|Any CPU
	EndGlobalSection
	GlobalSection(ProjectConfigurationPlatforms) = postSolution
		{F751CBBC-AB65-4B3E-8022-607E354D50F0}.Debug|Any CPU.ActiveCfg = Debug|Any CPU
		{F751CBBC-AB65-4B3E-8022-607E354D50F0}.Debug|Any CPU.Build.0 = Debug|Any CPU
		{F751CBBC-AB65-4B3E-8022-607E354D50F0}.Release|Any CPU.ActiveCfg = Release|Any CPU
		{F751CBBC-AB65-4B3E-8022-607E354D50F0}.Release|Any CPU.Build.0 = Release|Any CPU
	EndGlobalSection
	GlobalSection(SolutionProperties) = preSolution
		HideSolutionNode = FALSE
	EndGlobalSection
	GlobalSection(ExtensibilityGlobals) = postSolution
		SolutionGuid = {E5C133BE-4B5A-4361-8021-22C12895785F}
	EndGlobalSection
EndGlobal
